// !$*UTF8*$!
{
	archiveVersion = 1;
	classes = {
	};
	objectVersion = 77;
	objects = {

/* Begin PBXBuildFile section */
		3508C5AC2DC7A77700CBC07D /* FirebaseAuth in Frameworks */ = {isa = PBXBuildFile; productRef = 3508C5AB2DC7A77700CBC07D /* FirebaseAuth */; };
		3508C5AE2DC7A77700CBC07D /* FirebaseFirestore in Frameworks */ = {isa = PBXBuildFile; productRef = 3508C5AD2DC7A77700CBC07D /* FirebaseFirestore */; };
/* End PBXBuildFile section */

/* Begin PBXContainerItemProxy section */
		3508C5892DC7A3B200CBC07D /* PBXContainerItemProxy */ = {
			isa = PBXContainerItemProxy;
			containerPortal = 3508C56A2DC7A3B000CBC07D /* Project object */;
			proxyType = 1;
			remoteGlobalIDString = 3508C5712DC7A3B000CBC07D;
			remoteInfo = Loopit;
		};
		3508C5932DC7A3B200CBC07D /* PBXContainerItemProxy */ = {
			isa = PBXContainerItemProxy;
			containerPortal = 3508C56A2DC7A3B000CBC07D /* Project object */;
			proxyType = 1;
			remoteGlobalIDString = 3508C5712DC7A3B000CBC07D;
			remoteInfo = Loopit;
		};
/* End PBXContainerItemProxy section */

/* Begin PBXFileReference section */
		3508C5722DC7A3B000CBC07D /* Loopit.app */ = {isa = PBXFileReference; explicitFileType = wrapper.application; includeInIndex = 0; path = Loopit.app; sourceTree = BUILT_PRODUCTS_DIR; };
		3508C5882DC7A3B200CBC07D /* LoopitTests.xctest */ = {isa = PBXFileReference; explicitFileType = wrapper.cfbundle; includeInIndex = 0; path = LoopitTests.xctest; sourceTree = BUILT_PRODUCTS_DIR; };
		3508C5922DC7A3B200CBC07D /* LoopitUITests.xctest */ = {isa = PBXFileReference; explicitFileType = wrapper.cfbundle; includeInIndex = 0; path = LoopitUITests.xctest; sourceTree = BUILT_PRODUCTS_DIR; };
/* End PBXFileReference section */

/* Begin PBXFileSystemSynchronizedBuildFileExceptionSet section */
		3508C59A2DC7A3B200CBC07D /* Exceptions for "Loopit" folder in "Loopit" target */ = {
			isa = PBXFileSystemSynchronizedBuildFileExceptionSet;
			membershipExceptions = (
				Info.plist,
			);
			target = 3508C5712DC7A3B000CBC07D /* Loopit */;
		};
/* End PBXFileSystemSynchronizedBuildFileExceptionSet section */

/* Begin PBXFileSystemSynchronizedRootGroup section */
		3508C5742DC7A3B000CBC07D /* Loopit */ = {
			isa = PBXFileSystemSynchronizedRootGroup;
			exceptions = (
				3508C59A2DC7A3B200CBC07D /* Exceptions for "Loopit" folder in "Loopit" target */,
			);
			path = Loopit;
			sourceTree = "<group>";
		};
		3508C58B2DC7A3B200CBC07D /* LoopitTests */ = {
			isa = PBXFileSystemSynchronizedRootGroup;
			path = LoopitTests;
			sourceTree = "<group>";
		};
		3508C5952DC7A3B200CBC07D /* LoopitUITests */ = {
			isa = PBXFileSystemSynchronizedRootGroup;
			path = LoopitUITests;
			sourceTree = "<group>";
		};
/* End PBXFileSystemSynchronizedRootGroup section */

/* Begin PBXFrameworksBuildPhase section */
		3508C56F2DC7A3B000CBC07D /* Frameworks */ = {
			isa = PBXFrameworksBuildPhase;
			buildActionMask = 2147483647;
			files = (
				3508C5AC2DC7A77700CBC07D /* FirebaseAuth in Frameworks */,
				3508C5AE2DC7A77700CBC07D /* FirebaseFirestore in Frameworks */,
			);
			runOnlyForDeploymentPostprocessing = 0;
		};
		3508C5852DC7A3B200CBC07D /* Frameworks */ = {
			isa = PBXFrameworksBuildPhase;
			buildActionMask = 2147483647;
			files = (
			);
			runOnlyForDeploymentPostprocessing = 0;
		};
		3508C58F2DC7A3B200CBC07D /* Frameworks */ = {
			isa = PBXFrameworksBuildPhase;
			buildActionMask = 2147483647;
			files = (
			);
			runOnlyForDeploymentPostprocessing = 0;
		};
/* End PBXFrameworksBuildPhase section */

/* Begin PBXGroup section */
		3508C5692DC7A3B000CBC07D = {
			isa = PBXGroup;
			children = (
				3508C5742DC7A3B000CBC07D /* Loopit */,
				3508C58B2DC7A3B200CBC07D /* LoopitTests */,
				3508C5952DC7A3B200CBC07D /* LoopitUITests */,
				3508C5732DC7A3B000CBC07D /* Products */,
			);
			sourceTree = "<group>";
		};
		3508C5732DC7A3B000CBC07D /* Products */ = {
			isa = PBXGroup;
			children = (
				3508C5722DC7A3B000CBC07D /* Loopit.app */,
				3508C5882DC7A3B200CBC07D /* LoopitTests.xctest */,
				3508C5922DC7A3B200CBC07D /* LoopitUITests.xctest */,
			);
			name = Products;
			sourceTree = "<group>";
		};
/* End PBXGroup section */

/* Begin PBXNativeTarget section */
		3508C5712DC7A3B000CBC07D /* Loopit */ = {
			isa = PBXNativeTarget;
			buildConfigurationList = 3508C59B2DC7A3B200CBC07D /* Build configuration list for PBXNativeTarget "Loopit" */;
			buildPhases = (
				3508C56E2DC7A3B000CBC07D /* Sources */,
				3508C56F2DC7A3B000CBC07D /* Frameworks */,
				3508C5702DC7A3B000CBC07D /* Resources */,
			);
			buildRules = (
			);
			dependencies = (
			);
			fileSystemSynchronizedGroups = (
				3508C5742DC7A3B000CBC07D /* Loopit */,
			);
			name = Loopit;
			packageProductDependencies = (
				3508C5AB2DC7A77700CBC07D /* FirebaseAuth */,
				3508C5AD2DC7A77700CBC07D /* FirebaseFirestore */,
			);
			productName = Loopit;
			productReference = 3508C5722DC7A3B000CBC07D /* Loopit.app */;
			productType = "com.apple.product-type.application";
		};
		3508C5872DC7A3B200CBC07D /* LoopitTests */ = {
			isa = PBXNativeTarget;
			buildConfigurationList = 3508C5A02DC7A3B200CBC07D /* Build configuration list for PBXNativeTarget "LoopitTests" */;
			buildPhases = (
				3508C5842DC7A3B200CBC07D /* Sources */,
				3508C5852DC7A3B200CBC07D /* Frameworks */,
				3508C5862DC7A3B200CBC07D /* Resources */,
			);
			buildRules = (
			);
			dependencies = (
				3508C58A2DC7A3B200CBC07D /* PBXTargetDependency */,
			);
			fileSystemSynchronizedGroups = (
				3508C58B2DC7A3B200CBC07D /* LoopitTests */,
			);
			name = LoopitTests;
			packageProductDependencies = (
			);
			productName = LoopitTests;
			productReference = 3508C5882DC7A3B200CBC07D /* LoopitTests.xctest */;
			productType = "com.apple.product-type.bundle.unit-test";
		};
		3508C5912DC7A3B200CBC07D /* LoopitUITests */ = {
			isa = PBXNativeTarget;
			buildConfigurationList = 3508C5A32DC7A3B200CBC07D /* Build configuration list for PBXNativeTarget "LoopitUITests" */;
			buildPhases = (
				3508C58E2DC7A3B200CBC07D /* Sources */,
				3508C58F2DC7A3B200CBC07D /* Frameworks */,
				3508C5902DC7A3B200CBC07D /* Resources */,
			);
			buildRules = (
			);
			dependencies = (
				3508C5942DC7A3B200CBC07D /* PBXTargetDependency */,
			);
			fileSystemSynchronizedGroups = (
				3508C5952DC7A3B200CBC07D /* LoopitUITests */,
			);
			name = LoopitUITests;
			packageProductDependencies = (
			);
			productName = LoopitUITests;
			productReference = 3508C5922DC7A3B200CBC07D /* LoopitUITests.xctest */;
			productType = "com.apple.product-type.bundle.ui-testing";
		};
/* End PBXNativeTarget section */

/* Begin PBXProject section */
		3508C56A2DC7A3B000CBC07D /* Project object */ = {
			isa = PBXProject;
			attributes = {
				BuildIndependentTargetsInParallel = 1;
				LastSwiftUpdateCheck = 1620;
				LastUpgradeCheck = 1620;
				TargetAttributes = {
					3508C5712DC7A3B000CBC07D = {
						CreatedOnToolsVersion = 16.2;
					};
					3508C5872DC7A3B200CBC07D = {
						CreatedOnToolsVersion = 16.2;
						TestTargetID = 3508C5712DC7A3B000CBC07D;
					};
					3508C5912DC7A3B200CBC07D = {
						CreatedOnToolsVersion = 16.2;
						TestTargetID = 3508C5712DC7A3B000CBC07D;
					};
				};
			};
			buildConfigurationList = 3508C56D2DC7A3B000CBC07D /* Build configuration list for PBXProject "Loopit" */;
			developmentRegion = en;
			hasScannedForEncodings = 0;
			knownRegions = (
				en,
				Base,
			);
			mainGroup = 3508C5692DC7A3B000CBC07D;
			minimizedProjectReferenceProxies = 1;
			packageReferences = (
				3508C5AA2DC7A77700CBC07D /* XCRemoteSwiftPackageReference "firebase-ios-sdk" */,
			);
			preferredProjectObjectVersion = 77;
			productRefGroup = 3508C5732DC7A3B000CBC07D /* Products */;
			projectDirPath = "";
			projectRoot = "";
			targets = (
				3508C5712DC7A3B000CBC07D /* Loopit */,
				3508C5872DC7A3B200CBC07D /* LoopitTests */,
				3508C5912DC7A3B200CBC07D /* LoopitUITests */,
			);
		};
/* End PBXProject section */

/* Begin PBXResourcesBuildPhase section */
		3508C5702DC7A3B000CBC07D /* Resources */ = {
			isa = PBXResourcesBuildPhase;
			buildActionMask = 2147483647;
			files = (
			);
			runOnlyForDeploymentPostprocessing = 0;
		};
		3508C5862DC7A3B200CBC07D /* Resources */ = {
			isa = PBXResourcesBuildPhase;
			buildActionMask = 2147483647;
			files = (
			);
			runOnlyForDeploymentPostprocessing = 0;
		};
		3508C5902DC7A3B200CBC07D /* Resources */ = {
			isa = PBXResourcesBuildPhase;
			buildActionMask = 2147483647;
			files = (
			);
			runOnlyForDeploymentPostprocessing = 0;
		};
/* End PBXResourcesBuildPhase section */

/* Begin PBXSourcesBuildPhase section */
		3508C56E2DC7A3B000CBC07D /* Sources */ = {
			isa = PBXSourcesBuildPhase;
			buildActionMask = 2147483647;
			files = (
			);
			runOnlyForDeploymentPostprocessing = 0;
		};
		3508C5842DC7A3B200CBC07D /* Sources */ = {
			isa = PBXSourcesBuildPhase;
			buildActionMask = 2147483647;
			files = (
			);
			runOnlyForDeploymentPostprocessing = 0;
		};
		3508C58E2DC7A3B200CBC07D /* Sources */ = {
			isa = PBXSourcesBuildPhase;
			buildActionMask = 2147483647;
			files = (
			);
			runOnlyForDeploymentPostprocessing = 0;
		};
/* End PBXSourcesBuildPhase section */

/* Begin PBXTargetDependency section */
		3508C58A2DC7A3B200CBC07D /* PBXTargetDependency */ = {
			isa = PBXTargetDependency;
			target = 3508C5712DC7A3B000CBC07D /* Loopit */;
			targetProxy = 3508C5892DC7A3B200CBC07D /* PBXContainerItemProxy */;
		};
		3508C5942DC7A3B200CBC07D /* PBXTargetDependency */ = {
			isa = PBXTargetDependency;
			target = 3508C5712DC7A3B000CBC07D /* Loopit */;
			targetProxy = 3508C5932DC7A3B200CBC07D /* PBXContainerItemProxy */;
		};
/* End PBXTargetDependency section */

/* Begin XCBuildConfiguration section */
		3508C59C2DC7A3B200CBC07D /* Debug */ = {
			isa = XCBuildConfiguration;
			buildSettings = {
				ASSETCATALOG_COMPILER_APPICON_NAME = AppIcon;
				ASSETCATALOG_COMPILER_GLOBAL_ACCENT_COLOR_NAME = AccentColor;
				CODE_SIGN_STYLE = Automatic;
				CURRENT_PROJECT_VERSION = 1;
				GENERATE_INFOPLIST_FILE = YES;
				INFOPLIST_FILE = Loopit/Info.plist;
				INFOPLIST_KEY_UIApplicationSupportsIndirectInputEvents = YES;
				INFOPLIST_KEY_UILaunchStoryboardName = LaunchScreen;
				INFOPLIST_KEY_UIMainStoryboardFile = Main;
				INFOPLIST_KEY_UISupportedInterfaceOrientations_iPad = "UIInterfaceOrientationPortrait UIInterfaceOrientationPortraitUpsideDown UIInterfaceOrientationLandscapeLeft UIInterfaceOrientationLandscapeRight";
				INFOPLIST_KEY_UISupportedInterfaceOrientations_iPhone = "UIInterfaceOrientationPortrait UIInterfaceOrientationLandscapeLeft UIInterfaceOrientationLandscapeRight";
				LD_RUNPATH_SEARCH_PATHS = (
					"$(inherited)",
					"@executable_path/Frameworks",
				);
				MARKETING_VERSION = 1.0;
				PRODUCT_BUNDLE_IDENTIFIER = com.beles.Loopit;
				PRODUCT_NAME = "$(TARGET_NAME)";
				SWIFT_EMIT_LOC_STRINGS = YES;
				SWIFT_VERSION = 5.0;
				TARGETED_DEVICE_FAMILY = "1,2";
			};
			name = Debug;
		};
		3508C59D2DC7A3B200CBC07D /* Release */ = {
			isa = XCBuildConfiguration;
			buildSettings = {
				ASSETCATALOG_COMPILER_APPICON_NAME = AppIcon;
				ASSETCATALOG_COMPILER_GLOBAL_ACCENT_COLOR_NAME = AccentColor;
				CODE_SIGN_STYLE = Automatic;
				CURRENT_PROJECT_VERSION = 1;
				GENERATE_INFOPLIST_FILE = YES;
				INFOPLIST_FILE = Loopit/Info.plist;
				INFOPLIST_KEY_UIApplicationSupportsIndirectInputEvents = YES;
				INFOPLIST_KEY_UILaunchStoryboardName = LaunchScreen;
				INFOPLIST_KEY_UIMainStoryboardFile = Main;
				INFOPLIST_KEY_UISupportedInterfaceOrientations_iPad = "UIInterfaceOrientationPortrait UIInterfaceOrientationPortraitUpsideDown UIInterfaceOrientationLandscapeLeft UIInterfaceOrientationLandscapeRight";
				INFOPLIST_KEY_UISupportedInterfaceOrientations_iPhone = "UIInterfaceOrientationPortrait UIInterfaceOrientationLandscapeLeft UIInterfaceOrientationLandscapeRight";
				LD_RUNPATH_SEARCH_PATHS = (
					"$(inherited)",
					"@executable_path/Frameworks",
				);
				MARKETING_VERSION = 1.0;
				PRODUCT_BUNDLE_IDENTIFIER = com.beles.Loopit;
				PRODUCT_NAME = "$(TARGET_NAME)";
				SWIFT_EMIT_LOC_STRINGS = YES;
				SWIFT_VERSION = 5.0;
				TARGETED_DEVICE_FAMILY = "1,2";
			};
			name = Release;
		};
		3508C59E2DC7A3B200CBC07D /* Debug */ = {
			isa = XCBuildConfiguration;
			buildSettings = {
				ALWAYS_SEARCH_USER_PATHS = NO;
				ASSETCATALOG_COMPILER_GENERATE_SWIFT_ASSET_SYMBOL_EXTENSIONS = YES;
				CLANG_ANALYZER_NONNULL = YES;
				CLANG_ANALYZER_NUMBER_OBJECT_CONVERSION = YES_AGGRESSIVE;
				CLANG_CXX_LANGUAGE_STANDARD = "gnu++20";
				CLANG_ENABLE_MODULES = YES;
				CLANG_ENABLE_OBJC_ARC = YES;
				CLANG_ENABLE_OBJC_WEAK = YES;
				CLANG_WARN_BLOCK_CAPTURE_AUTORELEASING = YES;
				CLANG_WARN_BOOL_CONVERSION = YES;
				CLANG_WARN_COMMA = YES;
				CLANG_WARN_CONSTANT_CONVERSION = YES;
				CLANG_WARN_DEPRECATED_OBJC_IMPLEMENTATIONS = YES;
				CLANG_WARN_DIRECT_OBJC_ISA_USAGE = YES_ERROR;
				CLANG_WARN_DOCUMENTATION_COMMENTS = YES;
				CLANG_WARN_EMPTY_BODY = YES;
				CLANG_WARN_ENUM_CONVERSION = YES;
				CLANG_WARN_INFINITE_RECURSION = YES;
				CLANG_WARN_INT_CONVERSION = YES;
				CLANG_WARN_NON_LITERAL_NULL_CONVERSION = YES;
				CLANG_WARN_OBJC_IMPLICIT_RETAIN_SELF = YES;
				CLANG_WARN_OBJC_LITERAL_CONVERSION = YES;
				CLANG_WARN_OBJC_ROOT_CLASS = YES_ERROR;
				CLANG_WARN_QUOTED_INCLUDE_IN_FRAMEWORK_HEADER = YES;
				CLANG_WARN_RANGE_LOOP_ANALYSIS = YES;
				CLANG_WARN_STRICT_PROTOTYPES = YES;
				CLANG_WARN_SUSPICIOUS_MOVE = YES;
				CLANG_WARN_UNGUARDED_AVAILABILITY = YES_AGGRESSIVE;
				CLANG_WARN_UNREACHABLE_CODE = YES;
				CLANG_WARN__DUPLICATE_METHOD_MATCH = YES;
				COPY_PHASE_STRIP = NO;
				DEBUG_INFORMATION_FORMAT = dwarf;
				ENABLE_STRICT_OBJC_MSGSEND = YES;
				ENABLE_TESTABILITY = YES;
				ENABLE_USER_SCRIPT_SANDBOXING = YES;
				GCC_C_LANGUAGE_STANDARD = gnu17;
				GCC_DYNAMIC_NO_PIC = NO;
				GCC_NO_COMMON_BLOCKS = YES;
				GCC_OPTIMIZATION_LEVEL = 0;
				GCC_PREPROCESSOR_DEFINITIONS = (
					"DEBUG=1",
					"$(inherited)",
				);
				GCC_WARN_64_TO_32_BIT_CONVERSION = YES;
				GCC_WARN_ABOUT_RETURN_TYPE = YES_ERROR;
				GCC_WARN_UNDECLARED_SELECTOR = YES;
				GCC_WARN_UNINITIALIZED_AUTOS = YES_AGGRESSIVE;
				GCC_WARN_UNUSED_FUNCTION = YES;
				GCC_WARN_UNUSED_VARIABLE = YES;
				IPHONEOS_DEPLOYMENT_TARGET = 18.2;
				LOCALIZATION_PREFERS_STRING_CATALOGS = YES;
				MTL_ENABLE_DEBUG_INFO = INCLUDE_SOURCE;
				MTL_FAST_MATH = YES;
				ONLY_ACTIVE_ARCH = YES;
				SDKROOT = iphoneos;
				SWIFT_ACTIVE_COMPILATION_CONDITIONS = "DEBUG $(inherited)";
				SWIFT_OPTIMIZATION_LEVEL = "-Onone";
			};
			name = Debug;
		};
		3508C59F2DC7A3B200CBC07D /* Release */ = {
			isa = XCBuildConfiguration;
			buildSettings = {
				ALWAYS_SEARCH_USER_PATHS = NO;
				ASSETCATALOG_COMPILER_GENERATE_SWIFT_ASSET_SYMBOL_EXTENSIONS = YES;
				CLANG_ANALYZER_NONNULL = YES;
				CLANG_ANALYZER_NUMBER_OBJECT_CONVERSION = YES_AGGRESSIVE;
				CLANG_CXX_LANGUAGE_STANDARD = "gnu++20";
				CLANG_ENABLE_MODULES = YES;
				CLANG_ENABLE_OBJC_ARC = YES;
				CLANG_ENABLE_OBJC_WEAK = YES;
				CLANG_WARN_BLOCK_CAPTURE_AUTORELEASING = YES;
				CLANG_WARN_BOOL_CONVERSION = YES;
				CLANG_WARN_COMMA = YES;
				CLANG_WARN_CONSTANT_CONVERSION = YES;
				CLANG_WARN_DEPRECATED_OBJC_IMPLEMENTATIONS = YES;
				CLANG_WARN_DIRECT_OBJC_ISA_USAGE = YES_ERROR;
				CLANG_WARN_DOCUMENTATION_COMMENTS = YES;
				CLANG_WARN_EMPTY_BODY = YES;
				CLANG_WARN_ENUM_CONVERSION = YES;
				CLANG_WARN_INFINITE_RECURSION = YES;
				CLANG_WARN_INT_CONVERSION = YES;
				CLANG_WARN_NON_LITERAL_NULL_CONVERSION = YES;
				CLANG_WARN_OBJC_IMPLICIT_RETAIN_SELF = YES;
				CLANG_WARN_OBJC_LITERAL_CONVERSION = YES;
				CLANG_WARN_OBJC_ROOT_CLASS = YES_ERROR;
				CLANG_WARN_QUOTED_INCLUDE_IN_FRAMEWORK_HEADER = YES;
				CLANG_WARN_RANGE_LOOP_ANALYSIS = YES;
				CLANG_WARN_STRICT_PROTOTYPES = YES;
				CLANG_WARN_SUSPICIOUS_MOVE = YES;
				CLANG_WARN_UNGUARDED_AVAILABILITY = YES_AGGRESSIVE;
				CLANG_WARN_UNREACHABLE_CODE = YES;
				CLANG_WARN__DUPLICATE_METHOD_MATCH = YES;
				COPY_PHASE_STRIP = NO;
				DEBUG_INFORMATION_FORMAT = "dwarf-with-dsym";
				ENABLE_NS_ASSERTIONS = NO;
				ENABLE_STRICT_OBJC_MSGSEND = YES;
				ENABLE_USER_SCRIPT_SANDBOXING = YES;
				GCC_C_LANGUAGE_STANDARD = gnu17;
				GCC_NO_COMMON_BLOCKS = YES;
				GCC_WARN_64_TO_32_BIT_CONVERSION = YES;
				GCC_WARN_ABOUT_RETURN_TYPE = YES_ERROR;
				GCC_WARN_UNDECLARED_SELECTOR = YES;
				GCC_WARN_UNINITIALIZED_AUTOS = YES_AGGRESSIVE;
				GCC_WARN_UNUSED_FUNCTION = YES;
				GCC_WARN_UNUSED_VARIABLE = YES;
				IPHONEOS_DEPLOYMENT_TARGET = 18.2;
				LOCALIZATION_PREFERS_STRING_CATALOGS = YES;
				MTL_ENABLE_DEBUG_INFO = NO;
				MTL_FAST_MATH = YES;
				SDKROOT = iphoneos;
				SWIFT_COMPILATION_MODE = wholemodule;
				VALIDATE_PRODUCT = YES;
			};
			name = Release;
		};
		3508C5A12DC7A3B200CBC07D /* Debug */ = {
			isa = XCBuildConfiguration;
			buildSettings = {
				BUNDLE_LOADER = "$(TEST_HOST)";
				CODE_SIGN_STYLE = Automatic;
				CURRENT_PROJECT_VERSION = 1;
				GENERATE_INFOPLIST_FILE = YES;
				IPHONEOS_DEPLOYMENT_TARGET = 18.2;
				MARKETING_VERSION = 1.0;
				PRODUCT_BUNDLE_IDENTIFIER = com.beles.LoopitTests;
				PRODUCT_NAME = "$(TARGET_NAME)";
				SWIFT_EMIT_LOC_STRINGS = NO;
				SWIFT_VERSION = 5.0;
				TARGETED_DEVICE_FAMILY = "1,2";
				TEST_HOST = "$(BUILT_PRODUCTS_DIR)/Loopit.app/$(BUNDLE_EXECUTABLE_FOLDER_PATH)/Loopit";
			};
			name = Debug;
		};
		3508C5A22DC7A3B200CBC07D /* Release */ = {
			isa = XCBuildConfiguration;
			buildSettings = {
				BUNDLE_LOADER = "$(TEST_HOST)";
				CODE_SIGN_STYLE = Automatic;
				CURRENT_PROJECT_VERSION = 1;
				GENERATE_INFOPLIST_FILE = YES;
				IPHONEOS_DEPLOYMENT_TARGET = 18.2;
				MARKETING_VERSION = 1.0;
				PRODUCT_BUNDLE_IDENTIFIER = com.beles.LoopitTests;
				PRODUCT_NAME = "$(TARGET_NAME)";
				SWIFT_EMIT_LOC_STRINGS = NO;
				SWIFT_VERSION = 5.0;
				TARGETED_DEVICE_FAMILY = "1,2";
				TEST_HOST = "$(BUILT_PRODUCTS_DIR)/Loopit.app/$(BUNDLE_EXECUTABLE_FOLDER_PATH)/Loopit";
			};
			name = Release;
		};
		3508C5A42DC7A3B200CBC07D /* Debug */ = {
			isa = XCBuildConfiguration;
			buildSettings = {
				CODE_SIGN_STYLE = Automatic;
				CURRENT_PROJECT_VERSION = 1;
				GENERATE_INFOPLIST_FILE = YES;
				MARKETING_VERSION = 1.0;
				PRODUCT_BUNDLE_IDENTIFIER = com.beles.LoopitUITests;
				PRODUCT_NAME = "$(TARGET_NAME)";
				SWIFT_EMIT_LOC_STRINGS = NO;
				SWIFT_VERSION = 5.0;
				TARGETED_DEVICE_FAMILY = "1,2";
				TEST_TARGET_NAME = Loopit;
			};
			name = Debug;
		};
		3508C5A52DC7A3B200CBC07D /* Release */ = {
			isa = XCBuildConfiguration;
			buildSettings = {
				CODE_SIGN_STYLE = Automatic;
				CURRENT_PROJECT_VERSION = 1;
				GENERATE_INFOPLIST_FILE = YES;
				MARKETING_VERSION = 1.0;
				PRODUCT_BUNDLE_IDENTIFIER = com.beles.LoopitUITests;
				PRODUCT_NAME = "$(TARGET_NAME)";
				SWIFT_EMIT_LOC_STRINGS = NO;
				SWIFT_VERSION = 5.0;
				TARGETED_DEVICE_FAMILY = "1,2";
				TEST_TARGET_NAME = Loopit;
			};
			name = Release;
		};
/* End XCBuildConfiguration section */

/* Begin XCConfigurationList section */
		3508C56D2DC7A3B000CBC07D /* Build configuration list for PBXProject "Loopit" */ = {
			isa = XCConfigurationList;
			buildConfigurations = (
				3508C59E2DC7A3B200CBC07D /* Debug */,
				3508C59F2DC7A3B200CBC07D /* Release */,
			);
			defaultConfigurationIsVisible = 0;
			defaultConfigurationName = Release;
		};
		3508C59B2DC7A3B200CBC07D /* Build configuration list for PBXNativeTarget "Loopit" */ = {
			isa = XCConfigurationList;
			buildConfigurations = (
				3508C59C2DC7A3B200CBC07D /* Debug */,
				3508C59D2DC7A3B200CBC07D /* Release */,
			);
			defaultConfigurationIsVisible = 0;
			defaultConfigurationName = Release;
		};
		3508C5A02DC7A3B200CBC07D /* Build configuration list for PBXNativeTarget "LoopitTests" */ = {
			isa = XCConfigurationList;
			buildConfigurations = (
				3508C5A12DC7A3B200CBC07D /* Debug */,
				3508C5A22DC7A3B200CBC07D /* Release */,
			);
			defaultConfigurationIsVisible = 0;
			defaultConfigurationName = Release;
		};
		3508C5A32DC7A3B200CBC07D /* Build configuration list for PBXNativeTarget "LoopitUITests" */ = {
			isa = XCConfigurationList;
			buildConfigurations = (
				3508C5A42DC7A3B200CBC07D /* Debug */,
				3508C5A52DC7A3B200CBC07D /* Release */,
			);
			defaultConfigurationIsVisible = 0;
			defaultConfigurationName = Release;
		};
/* End XCConfigurationList section */

/* Begin XCRemoteSwiftPackageReference section */
		3508C5AA2DC7A77700CBC07D /* XCRemoteSwiftPackageReference "firebase-ios-sdk" */ = {
			isa = XCRemoteSwiftPackageReference;
			repositoryURL = "https://github.com/firebase/firebase-ios-sdk";
			requirement = {
				kind = upToNextMajorVersion;
				minimumVersion = 11.12.0;
			};
		};
/* End XCRemoteSwiftPackageReference section */

/* Begin XCSwiftPackageProductDependency section */
		3508C5AB2DC7A77700CBC07D /* FirebaseAuth */ = {
			isa = XCSwiftPackageProductDependency;
			package = 3508C5AA2DC7A77700CBC07D /* XCRemoteSwiftPackageReference "firebase-ios-sdk" */;
			productName = FirebaseAuth;
		};
		3508C5AD2DC7A77700CBC07D /* FirebaseFirestore */ = {
			isa = XCSwiftPackageProductDependency;
			package = 3508C5AA2DC7A77700CBC07D /* XCRemoteSwiftPackageReference "firebase-ios-sdk" */;
			productName = FirebaseFirestore;
		};
/* End XCSwiftPackageProductDependency section */
	};
	rootObject = 3508C56A2DC7A3B000CBC07D /* Project object */;
}
